// !$*UTF8*$!
{
	archiveVersion = 1;
	classes = {
	};
	objectVersion = 46;
	objects = {

/* Begin PBXBuildFile section */
		36D40DE415BA881D001890B0 /* Cocoa.framework in Frameworks */ = {isa = PBXBuildFile; fileRef = 36D40DE315BA881D001890B0 /* Cocoa.framework */; };
		36D40DEE15BA881D001890B0 /* core.m in Sources */ = {isa = PBXBuildFile; fileRef = 36D40DED15BA881D001890B0 /* core.m */; };
		36D40DF715BA881D001890B0 /* Cocoa.framework in Frameworks */ = {isa = PBXBuildFile; fileRef = 36D40DE315BA881D001890B0 /* Cocoa.framework */; };
		36D40DFA15BA881D001890B0 /* core.dylib in Frameworks */ = {isa = PBXBuildFile; fileRef = 36D40DE015BA881D001890B0 /* core.dylib */; };
		36D40E0F15BA88C9001890B0 /* ProgramCode.h in Headers */ = {isa = PBXBuildFile; fileRef = 36D40E0D15BA88C9001890B0 /* ProgramCode.h */; };
		36D40E1015BA88C9001890B0 /* ProgramCode.m in Sources */ = {isa = PBXBuildFile; fileRef = 36D40E0E15BA88C9001890B0 /* ProgramCode.m */; };
/* End PBXBuildFile section */

/* Begin PBXContainerItemProxy section */
		367F66D915C6613A00B231C2 /* PBXContainerItemProxy */ = {
			isa = PBXContainerItemProxy;
			containerPortal = 367F66D515C6613A00B231C2 /* engine_javascript_bridge.xcodeproj */;
			proxyType = 2;
			remoteGlobalIDString = 367F66B515C6537900B231C2;
			remoteInfo = engine_javascript_bridge;
		};
		36D40DF815BA881D001890B0 /* PBXContainerItemProxy */ = {
			isa = PBXContainerItemProxy;
			containerPortal = 36D40DD715BA881D001890B0 /* Project object */;
			proxyType = 1;
			remoteGlobalIDString = 36D40DDF15BA881D001890B0;
			remoteInfo = core;
		};
/* End PBXContainerItemProxy section */

/* Begin PBXFileReference section */
		367F66D515C6613A00B231C2 /* engine_javascript_bridge.xcodeproj */ = {isa = PBXFileReference; lastKnownFileType = "wrapper.pb-project"; name = engine_javascript_bridge.xcodeproj; path = ../engine_javascript_bridge/engine_javascript_bridge.xcodeproj; sourceTree = "<group>"; };
		36D40DE015BA881D001890B0 /* core.dylib */ = {isa = PBXFileReference; explicitFileType = "compiled.mach-o.dylib"; includeInIndex = 0; path = core.dylib; sourceTree = BUILT_PRODUCTS_DIR; };
		36D40DE315BA881D001890B0 /* Cocoa.framework */ = {isa = PBXFileReference; lastKnownFileType = wrapper.framework; name = Cocoa.framework; path = System/Library/Frameworks/Cocoa.framework; sourceTree = SDKROOT; };
		36D40DE615BA881D001890B0 /* AppKit.framework */ = {isa = PBXFileReference; lastKnownFileType = wrapper.framework; name = AppKit.framework; path = System/Library/Frameworks/AppKit.framework; sourceTree = SDKROOT; };
		36D40DE715BA881D001890B0 /* CoreData.framework */ = {isa = PBXFileReference; lastKnownFileType = wrapper.framework; name = CoreData.framework; path = System/Library/Frameworks/CoreData.framework; sourceTree = SDKROOT; };
		36D40DE815BA881D001890B0 /* Foundation.framework */ = {isa = PBXFileReference; lastKnownFileType = wrapper.framework; name = Foundation.framework; path = System/Library/Frameworks/Foundation.framework; sourceTree = SDKROOT; };
		36D40DEB15BA881D001890B0 /* core-Prefix.pch */ = {isa = PBXFileReference; lastKnownFileType = sourcecode.c.h; path = "core-Prefix.pch"; sourceTree = "<group>"; };
		36D40DEC15BA881D001890B0 /* core.h */ = {isa = PBXFileReference; lastKnownFileType = sourcecode.c.h; path = core.h; sourceTree = "<group>"; };
		36D40DED15BA881D001890B0 /* core.m */ = {isa = PBXFileReference; lastKnownFileType = sourcecode.c.objc; path = core.m; sourceTree = "<group>"; };
		36D40DF415BA881D001890B0 /* coreTests.octest */ = {isa = PBXFileReference; explicitFileType = wrapper.cfbundle; includeInIndex = 0; path = coreTests.octest; sourceTree = BUILT_PRODUCTS_DIR; };
		36D40E0D15BA88C9001890B0 /* ProgramCode.h */ = {isa = PBXFileReference; fileEncoding = 4; lastKnownFileType = sourcecode.c.h; path = ProgramCode.h; sourceTree = "<group>"; };
		36D40E0E15BA88C9001890B0 /* ProgramCode.m */ = {isa = PBXFileReference; fileEncoding = 4; lastKnownFileType = sourcecode.c.objc; path = ProgramCode.m; sourceTree = "<group>"; };
/* End PBXFileReference section */

/* Begin PBXFrameworksBuildPhase section */
		36D40DDD15BA881D001890B0 /* Frameworks */ = {
			isa = PBXFrameworksBuildPhase;
			buildActionMask = 2147483647;
			files = (
				36D40DE415BA881D001890B0 /* Cocoa.framework in Frameworks */,
			);
			runOnlyForDeploymentPostprocessing = 0;
		};
		36D40DF015BA881D001890B0 /* Frameworks */ = {
			isa = PBXFrameworksBuildPhase;
			buildActionMask = 2147483647;
			files = (
				36D40DF715BA881D001890B0 /* Cocoa.framework in Frameworks */,
				36D40DFA15BA881D001890B0 /* core.dylib in Frameworks */,
			);
			runOnlyForDeploymentPostprocessing = 0;
		};
/* End PBXFrameworksBuildPhase section */

/* Begin PBXGroup section */
		367F66D615C6613A00B231C2 /* Products */ = {
			isa = PBXGroup;
			children = (
				367F66DA15C6613A00B231C2 /* engine_javascript_bridge.framework */,
			);
			name = Products;
			sourceTree = "<group>";
		};
		36D40DD515BA881D001890B0 = {
			isa = PBXGroup;
			children = (
				367F66D515C6613A00B231C2 /* engine_javascript_bridge.xcodeproj */,
				36D40E0C15BA8871001890B0 /* Code */,
				36D40DE915BA881D001890B0 /* core */,
				36D40DE215BA881D001890B0 /* Frameworks */,
				36D40DE115BA881D001890B0 /* Products */,
			);
			sourceTree = "<group>";
		};
		36D40DE115BA881D001890B0 /* Products */ = {
			isa = PBXGroup;
			children = (
				36D40DE015BA881D001890B0 /* core.dylib */,
				36D40DF415BA881D001890B0 /* coreTests.octest */,
			);
			name = Products;
			sourceTree = "<group>";
		};
		36D40DE215BA881D001890B0 /* Frameworks */ = {
			isa = PBXGroup;
			children = (
				36D40DE315BA881D001890B0 /* Cocoa.framework */,
				36D40DE515BA881D001890B0 /* Other Frameworks */,
			);
			name = Frameworks;
			sourceTree = "<group>";
		};
		36D40DE515BA881D001890B0 /* Other Frameworks */ = {
			isa = PBXGroup;
			children = (
				36D40DE615BA881D001890B0 /* AppKit.framework */,
				36D40DE715BA881D001890B0 /* CoreData.framework */,
				36D40DE815BA881D001890B0 /* Foundation.framework */,
			);
			name = "Other Frameworks";
			sourceTree = "<group>";
		};
		36D40DE915BA881D001890B0 /* core */ = {
			isa = PBXGroup;
			children = (
				36D40DEC15BA881D001890B0 /* core.h */,
				36D40DED15BA881D001890B0 /* core.m */,
				36D40DEA15BA881D001890B0 /* Supporting Files */,
			);
			path = core;
			sourceTree = "<group>";
		};
		36D40DEA15BA881D001890B0 /* Supporting Files */ = {
			isa = PBXGroup;
			children = (
				36D40DEB15BA881D001890B0 /* core-Prefix.pch */,
			);
			name = "Supporting Files";
			sourceTree = "<group>";
		};
		36D40E0C15BA8871001890B0 /* Code */ = {
			isa = PBXGroup;
			children = (
				36D40E0D15BA88C9001890B0 /* ProgramCode.h */,
				36D40E0E15BA88C9001890B0 /* ProgramCode.m */,
			);
			name = Code;
			sourceTree = "<group>";
		};
/* End PBXGroup section */

/* Begin PBXHeadersBuildPhase section */
		36D40DDE15BA881D001890B0 /* Headers */ = {
			isa = PBXHeadersBuildPhase;
			buildActionMask = 2147483647;
			files = (
				36D40E0F15BA88C9001890B0 /* ProgramCode.h in Headers */,
			);
			runOnlyForDeploymentPostprocessing = 0;
		};
/* End PBXHeadersBuildPhase section */

/* Begin PBXNativeTarget section */
		36D40DDF15BA881D001890B0 /* core */ = {
			isa = PBXNativeTarget;
			buildConfigurationList = 36D40E0615BA881D001890B0 /* Build configuration list for PBXNativeTarget "core" */;
			buildPhases = (
				36D40DDC15BA881D001890B0 /* Sources */,
				36D40DDD15BA881D001890B0 /* Frameworks */,
				36D40DDE15BA881D001890B0 /* Headers */,
			);
			buildRules = (
			);
			dependencies = (
			);
			name = core;
			productName = core;
			productReference = 36D40DE015BA881D001890B0 /* core.dylib */;
			productType = "com.apple.product-type.library.dynamic";
		};
		36D40DF315BA881D001890B0 /* coreTests */ = {
			isa = PBXNativeTarget;
			buildConfigurationList = 36D40E0915BA881D001890B0 /* Build configuration list for PBXNativeTarget "coreTests" */;
			buildPhases = (
				36D40DEF15BA881D001890B0 /* Sources */,
				36D40DF015BA881D001890B0 /* Frameworks */,
				36D40DF115BA881D001890B0 /* Resources */,
				36D40DF215BA881D001890B0 /* ShellScript */,
			);
			buildRules = (
			);
			dependencies = (
				36D40DF915BA881D001890B0 /* PBXTargetDependency */,
			);
			name = coreTests;
			productName = coreTests;
			productReference = 36D40DF415BA881D001890B0 /* coreTests.octest */;
			productType = "com.apple.product-type.bundle";
		};
/* End PBXNativeTarget section */

/* Begin PBXProject section */
		36D40DD715BA881D001890B0 /* Project object */ = {
			isa = PBXProject;
			attributes = {
				LastUpgradeCheck = 0430;
			};
			buildConfigurationList = 36D40DDA15BA881D001890B0 /* Build configuration list for PBXProject "core" */;
			compatibilityVersion = "Xcode 3.2";
			developmentRegion = English;
			hasScannedForEncodings = 0;
			knownRegions = (
				en,
			);
			mainGroup = 36D40DD515BA881D001890B0;
			productRefGroup = 36D40DE115BA881D001890B0 /* Products */;
			projectDirPath = "";
			projectReferences = (
				{
					ProductGroup = 367F66D615C6613A00B231C2 /* Products */;
					ProjectRef = 367F66D515C6613A00B231C2 /* engine_javascript_bridge.xcodeproj */;
				},
			);
			projectRoot = "";
			targets = (
				36D40DDF15BA881D001890B0 /* core */,
				36D40DF315BA881D001890B0 /* coreTests */,
			);
		};
/* End PBXProject section */

/* Begin PBXReferenceProxy section */
		367F66DA15C6613A00B231C2 /* engine_javascript_bridge.framework */ = {
			isa = PBXReferenceProxy;
			fileType = wrapper.framework;
			path = engine_javascript_bridge.framework;
			remoteRef = 367F66D915C6613A00B231C2 /* PBXContainerItemProxy */;
			sourceTree = BUILT_PRODUCTS_DIR;
		};
/* End PBXReferenceProxy section */

/* Begin PBXResourcesBuildPhase section */
		36D40DF115BA881D001890B0 /* Resources */ = {
			isa = PBXResourcesBuildPhase;
			buildActionMask = 2147483647;
			files = (
			);
			runOnlyForDeploymentPostprocessing = 0;
		};
/* End PBXResourcesBuildPhase section */

/* Begin PBXShellScriptBuildPhase section */
		36D40DF215BA881D001890B0 /* ShellScript */ = {
			isa = PBXShellScriptBuildPhase;
			buildActionMask = 2147483647;
			files = (
			);
			inputPaths = (
			);
			outputPaths = (
			);
			runOnlyForDeploymentPostprocessing = 0;
			shellPath = /bin/sh;
			shellScript = "# Run the unit tests in this test bundle.\n\"${SYSTEM_DEVELOPER_DIR}/Tools/RunUnitTests\"\n";
		};
/* End PBXShellScriptBuildPhase section */

/* Begin PBXSourcesBuildPhase section */
		36D40DDC15BA881D001890B0 /* Sources */ = {
			isa = PBXSourcesBuildPhase;
			buildActionMask = 2147483647;
			files = (
				36D40DEE15BA881D001890B0 /* core.m in Sources */,
				36D40E1015BA88C9001890B0 /* ProgramCode.m in Sources */,
			);
			runOnlyForDeploymentPostprocessing = 0;
		};
		36D40DEF15BA881D001890B0 /* Sources */ = {
			isa = PBXSourcesBuildPhase;
			buildActionMask = 2147483647;
			files = (
			);
			runOnlyForDeploymentPostprocessing = 0;
		};
/* End PBXSourcesBuildPhase section */

/* Begin PBXTargetDependency section */
		36D40DF915BA881D001890B0 /* PBXTargetDependency */ = {
			isa = PBXTargetDependency;
			target = 36D40DDF15BA881D001890B0 /* core */;
			targetProxy = 36D40DF815BA881D001890B0 /* PBXContainerItemProxy */;
		};
/* End PBXTargetDependency section */

/* Begin XCBuildConfiguration section */
		36D40E0415BA881D001890B0 /* Debug */ = {
			isa = XCBuildConfiguration;
			buildSettings = {
				ALWAYS_SEARCH_USER_PATHS = NO;
				ARCHS = "$(ARCHS_STANDARD_64_BIT)";
				CLANG_ENABLE_OBJC_ARC = YES;
				COPY_PHASE_STRIP = NO;
				GCC_C_LANGUAGE_STANDARD = gnu99;
				GCC_DYNAMIC_NO_PIC = NO;
				GCC_ENABLE_OBJC_EXCEPTIONS = YES;
				GCC_OPTIMIZATION_LEVEL = 0;
				GCC_PREPROCESSOR_DEFINITIONS = (
					"DEBUG=1",
					"$(inherited)",
				);
				GCC_SYMBOLS_PRIVATE_EXTERN = NO;
				GCC_VERSION = com.apple.compilers.llvm.clang.1_0;
				GCC_WARN_64_TO_32_BIT_CONVERSION = YES;
				GCC_WARN_ABOUT_RETURN_TYPE = YES;
				GCC_WARN_UNINITIALIZED_AUTOS = YES;
				GCC_WARN_UNUSED_VARIABLE = YES;
				MACOSX_DEPLOYMENT_TARGET = 10.7;
				ONLY_ACTIVE_ARCH = YES;
				SDKROOT = macosx;
			};
			name = Debug;
		};
		36D40E0515BA881D001890B0 /* Release */ = {
			isa = XCBuildConfiguration;
			buildSettings = {
				ALWAYS_SEARCH_USER_PATHS = NO;
				ARCHS = "$(ARCHS_STANDARD_64_BIT)";
				CLANG_ENABLE_OBJC_ARC = YES;
				COPY_PHASE_STRIP = YES;
				DEBUG_INFORMATION_FORMAT = "dwarf-with-dsym";
				GCC_C_LANGUAGE_STANDARD = gnu99;
				GCC_ENABLE_OBJC_EXCEPTIONS = YES;
				GCC_VERSION = com.apple.compilers.llvm.clang.1_0;
				GCC_WARN_64_TO_32_BIT_CONVERSION = YES;
				GCC_WARN_ABOUT_RETURN_TYPE = YES;
				GCC_WARN_UNINITIALIZED_AUTOS = YES;
				GCC_WARN_UNUSED_VARIABLE = YES;
				MACOSX_DEPLOYMENT_TARGET = 10.7;
				SDKROOT = macosx;
			};
			name = Release;
		};
		36D40E0715BA881D001890B0 /* Debug */ = {
			isa = XCBuildConfiguration;
			buildSettings = {
				DYLIB_COMPATIBILITY_VERSION = 1;
				DYLIB_CURRENT_VERSION = 1;
				GCC_PRECOMPILE_PREFIX_HEADER = YES;
				GCC_PREFIX_HEADER = "core/core-Prefix.pch";
				PRODUCT_NAME = "$(TARGET_NAME)";
			};
			name = Debug;
		};
		36D40E0815BA881D001890B0 /* Release */ = {
			isa = XCBuildConfiguration;
			buildSettings = {
				DYLIB_COMPATIBILITY_VERSION = 1;
				DYLIB_CURRENT_VERSION = 1;
				GCC_PRECOMPILE_PREFIX_HEADER = YES;
				GCC_PREFIX_HEADER = "core/core-Prefix.pch";
				PRODUCT_NAME = "$(TARGET_NAME)";
			};
			name = Release;
		};
		36D40E0A15BA881D001890B0 /* Debug */ = {
			isa = XCBuildConfiguration;
			buildSettings = {
				FRAMEWORK_SEARCH_PATHS = "$(DEVELOPER_LIBRARY_DIR)/Frameworks";
				GCC_PRECOMPILE_PREFIX_HEADER = YES;
				GCC_PREFIX_HEADER = "core/core-Prefix.pch";
				INFOPLIST_FILE = "coreTests/coreTests-Info.plist";
				PRODUCT_NAME = "$(TARGET_NAME)";
				WRAPPER_EXTENSION = octest;
			};
			name = Debug;
		};
		36D40E0B15BA881D001890B0 /* Release */ = {
			isa = XCBuildConfiguration;
			buildSettings = {
				FRAMEWORK_SEARCH_PATHS = "$(DEVELOPER_LIBRARY_DIR)/Frameworks";
				GCC_PRECOMPILE_PREFIX_HEADER = YES;
				GCC_PREFIX_HEADER = "core/core-Prefix.pch";
				INFOPLIST_FILE = "coreTests/coreTests-Info.plist";
				PRODUCT_NAME = "$(TARGET_NAME)";
				WRAPPER_EXTENSION = octest;
			};
			name = Release;
		};
/* End XCBuildConfiguration section */

/* Begin XCConfigurationList section */
		36D40DDA15BA881D001890B0 /* Build configuration list for PBXProject "core" */ = {
			isa = XCConfigurationList;
			buildConfigurations = (
				36D40E0415BA881D001890B0 /* Debug */,
				36D40E0515BA881D001890B0 /* Release */,
			);
			defaultConfigurationIsVisible = 0;
			defaultConfigurationName = Release;
		};
		36D40E0615BA881D001890B0 /* Build configuration list for PBXNativeTarget "core" */ = {
			isa = XCConfigurationList;
			buildConfigurations = (
				36D40E0715BA881D001890B0 /* Debug */,
				36D40E0815BA881D001890B0 /* Release */,
			);
			defaultConfigurationIsVisible = 0;
			defaultConfigurationName = Release;
		};
		36D40E0915BA881D001890B0 /* Build configuration list for PBXNativeTarget "coreTests" */ = {
			isa = XCConfigurationList;
			buildConfigurations = (
				36D40E0A15BA881D001890B0 /* Debug */,
				36D40E0B15BA881D001890B0 /* Release */,
			);
			defaultConfigurationIsVisible = 0;
			defaultConfigurationName = Release;
		};
/* End XCConfigurationList section */
	};
	rootObject = 36D40DD715BA881D001890B0 /* Project object */;
}
