// !$*UTF8*$!
{
	archiveVersion = 1;
	classes = {
	};
	objectVersion = 46;
	objects = {

/* Begin PBXBuildFile section */
		3610461615CE22D50064F381 /* CompileError.m in Sources */ = {isa = PBXBuildFile; fileRef = 3604DD1315CE22660072B834 /* CompileError.m */; };
		36CEB07B15CEE0F700275B4A /* PGBotNativeEngine+GameManagement.h in Headers */ = {isa = PBXBuildFile; fileRef = 36CEB07915CEE0F700275B4A /* PGBotNativeEngine+GameManagement.h */; };
		36CEB07C15CEE0F700275B4A /* PGBotNativeEngine+GameManagement.m in Sources */ = {isa = PBXBuildFile; fileRef = 36CEB07A15CEE0F700275B4A /* PGBotNativeEngine+GameManagement.m */; };
		36CEB07F15CEFC4100275B4A /* PGBotNativeEngine+Explosions.h in Headers */ = {isa = PBXBuildFile; fileRef = 36CEB07D15CEFC4000275B4A /* PGBotNativeEngine+Explosions.h */; };
		36CEB08015CEFC4100275B4A /* PGBotNativeEngine+Explosions.m in Sources */ = {isa = PBXBuildFile; fileRef = 36CEB07E15CEFC4000275B4A /* PGBotNativeEngine+Explosions.m */; };
		36CEB08615CF08D800275B4A /* Wall.h in Headers */ = {isa = PBXBuildFile; fileRef = 36CEB08415CF08D800275B4A /* Wall.h */; };
		36CEB08715CF08D800275B4A /* Wall.m in Sources */ = {isa = PBXBuildFile; fileRef = 36CEB08515CF08D800275B4A /* Wall.m */; };
		36CEB08A15CF09DB00275B4A /* GemBot+Collision.h in Headers */ = {isa = PBXBuildFile; fileRef = 36CEB08815CF09DA00275B4A /* GemBot+Collision.h */; };
		36CEB08B15CF09DB00275B4A /* GemBot+Collision.m in Sources */ = {isa = PBXBuildFile; fileRef = 36CEB08915CF09DA00275B4A /* GemBot+Collision.m */; };
		36FE1B0B15CCE787003310F0 /* CoreFoundation.framework in Frameworks */ = {isa = PBXBuildFile; fileRef = 36FE1B0A15CCE787003310F0 /* CoreFoundation.framework */; };
		36FE1B1115CCE787003310F0 /* InfoPlist.strings in Resources */ = {isa = PBXBuildFile; fileRef = 36FE1B0F15CCE787003310F0 /* InfoPlist.strings */; };
		36FE1B1A15CCE7C1003310F0 /* EngineUtility.m in Sources */ = {isa = PBXBuildFile; fileRef = 36C3D98215C7434C003CCD2A /* EngineUtility.m */; };
		36FE1B1B15CCE7C1003310F0 /* Random.m in Sources */ = {isa = PBXBuildFile; fileRef = 366B027515C8B27C006441FF /* Random.m */; };
		36FE1B1C15CCE7C1003310F0 /* EngineDefinitions.c in Sources */ = {isa = PBXBuildFile; fileRef = 363D8F7015C89097000FB3AE /* EngineDefinitions.c */; };
		36FE1B1D15CCE7C1003310F0 /* Opcode.m in Sources */ = {isa = PBXBuildFile; fileRef = 363D8F6215C7ECD4000FB3AE /* Opcode.m */; };
		36FE1B1E15CCE7C1003310F0 /* Mine.m in Sources */ = {isa = PBXBuildFile; fileRef = 3609A16E15CA13C5002E312A /* Mine.m */; };
		36FE1B1F15CCE7C1003310F0 /* Mine+Interface.m in Sources */ = {isa = PBXBuildFile; fileRef = 3609A17615CA1489002E312A /* Mine+Interface.m */; };
		36FE1B2015CCE7C1003310F0 /* Missile+Interface.m in Sources */ = {isa = PBXBuildFile; fileRef = 366B027B15C8C080006441FF /* Missile+Interface.m */; };
		36FE1B2115CCE7C1003310F0 /* Missile.m in Sources */ = {isa = PBXBuildFile; fileRef = 36C3D99F15C776C6003CCD2A /* Missile.m */; };
		36FE1B2215CCE7C1003310F0 /* GemBot.m in Sources */ = {isa = PBXBuildFile; fileRef = 36C3D97915C74180003CCD2A /* GemBot.m */; };
		36FE1B2315CCE7C1003310F0 /* GemBot+Runtime.m in Sources */ = {isa = PBXBuildFile; fileRef = 363D8F5D15C7E83B000FB3AE /* GemBot+Runtime.m */; };
		36FE1B2415CCE7C1003310F0 /* GemBot+Memory.m in Sources */ = {isa = PBXBuildFile; fileRef = 363D8F6915C8681E000FB3AE /* GemBot+Memory.m */; };
		36FE1B2515CCE7C1003310F0 /* GemBot+Operations.m in Sources */ = {isa = PBXBuildFile; fileRef = 363D8F6D15C875AC000FB3AE /* GemBot+Operations.m */; };
		36FE1B2615CCE7C1003310F0 /* GemBot+Interface.m in Sources */ = {isa = PBXBuildFile; fileRef = 363D8F7315C890EB000FB3AE /* GemBot+Interface.m */; };
		36FE1B2715CCE7C1003310F0 /* GemBot+SystemCalls.m in Sources */ = {isa = PBXBuildFile; fileRef = 363D8F7715C893A1000FB3AE /* GemBot+SystemCalls.m */; };
		36FE1B2815CCE7C1003310F0 /* GemBot+Communication.m in Sources */ = {isa = PBXBuildFile; fileRef = 363D8F7F15C8A7AA000FB3AE /* GemBot+Communication.m */; };
		36FE1B2915CCE7C1003310F0 /* GemBot+Devices.m in Sources */ = {isa = PBXBuildFile; fileRef = 363D8F8315C8AA9C000FB3AE /* GemBot+Devices.m */; };
		36FE1B2A15CCE7C1003310F0 /* GemBot+Stats.m in Sources */ = {isa = PBXBuildFile; fileRef = 366B027F15C8C0D7006441FF /* GemBot+Stats.m */; };
		36FE1B2B15CCE7C1003310F0 /* GemBot+Reset.m in Sources */ = {isa = PBXBuildFile; fileRef = 366B029D15C9A037006441FF /* GemBot+Reset.m */; };
		36FE1B2C15CCE7C1003310F0 /* GemBot+Movement.m in Sources */ = {isa = PBXBuildFile; fileRef = 366B02AE15C9A4A0006441FF /* GemBot+Movement.m */; };
		36FE1B2D15CCE7C1003310F0 /* GemBot+Compiler.m in Sources */ = {isa = PBXBuildFile; fileRef = 363D8F4B15C7DB47000FB3AE /* GemBot+Compiler.m */; };
		36FE1B2E15CCE7C1003310F0 /* GemBot+SourceCodeCompiler.m in Sources */ = {isa = PBXBuildFile; fileRef = 363D8F4F15C7DB56000FB3AE /* GemBot+SourceCodeCompiler.m */; };
		36FE1B2F15CCE7C1003310F0 /* GemBot+BinaryCompiler.m in Sources */ = {isa = PBXBuildFile; fileRef = 363D8F5315C7DB6A000FB3AE /* GemBot+BinaryCompiler.m */; };
		36FE1B3015CCE7C1003310F0 /* Scan.m in Sources */ = {isa = PBXBuildFile; fileRef = 36C3D9A315C776F4003CCD2A /* Scan.m */; };
		36FE1B3115CCE7C1003310F0 /* Explosion.m in Sources */ = {isa = PBXBuildFile; fileRef = 36C3D9A715C77722003CCD2A /* Explosion.m */; };
		36FE1B3215CCE7C1003310F0 /* PGBotNativeEngine+Runtime.m in Sources */ = {isa = PBXBuildFile; fileRef = 363D8F5915C7E75E000FB3AE /* PGBotNativeEngine+Runtime.m */; };
		36FE1B3315CCE7C1003310F0 /* PGBotNativeEngine+Interface.m in Sources */ = {isa = PBXBuildFile; fileRef = 363D8F7B15C8A1CF000FB3AE /* PGBotNativeEngine+Interface.m */; };
		36FE1B3415CCE7C1003310F0 /* PGBotNativeEngine+DealDamage.m in Sources */ = {isa = PBXBuildFile; fileRef = 366B028515C9968A006441FF /* PGBotNativeEngine+DealDamage.m */; };
		36FE1B3515CCE7C1003310F0 /* PGBotNativeEngine+RobotCPUPhase.m in Sources */ = {isa = PBXBuildFile; fileRef = 366B028915C99B99006441FF /* PGBotNativeEngine+RobotCPUPhase.m */; };
		36FE1B3615CCE7C1003310F0 /* PGBotNativeEngine+CollisionPhase.m in Sources */ = {isa = PBXBuildFile; fileRef = 366B028D15C99BFC006441FF /* PGBotNativeEngine+CollisionPhase.m */; };
		36FE1B3715CCE7C1003310F0 /* PGBotNativeEngine+Movement.m in Sources */ = {isa = PBXBuildFile; fileRef = 366B029115C99C54006441FF /* PGBotNativeEngine+Movement.m */; };
		36FE1B3815CCE7C1003310F0 /* PGBotNativeEngine+CommPhase.m in Sources */ = {isa = PBXBuildFile; fileRef = 366B029515C99D33006441FF /* PGBotNativeEngine+CommPhase.m */; };
		36FE1B3A15CCE7C1003310F0 /* PGBotNativeEngine+CleanPhase.m in Sources */ = {isa = PBXBuildFile; fileRef = 366B02A115C9A0DE006441FF /* PGBotNativeEngine+CleanPhase.m */; };
		36FE1B3B15CCE7C1003310F0 /* PGBotNativeEngine+RobotDeath.m in Sources */ = {isa = PBXBuildFile; fileRef = 366B02A615C9A1D1006441FF /* PGBotNativeEngine+RobotDeath.m */; };
		36FE1B3C15CCE7C1003310F0 /* PGBotNativeEngine+CheckForEndOfMatch.m in Sources */ = {isa = PBXBuildFile; fileRef = 3609A10215C9B93C002E312A /* PGBotNativeEngine+CheckForEndOfMatch.m */; };
		36FE1B3D15CCE7C1003310F0 /* PGBotNativeEngine.m in Sources */ = {isa = PBXBuildFile; fileRef = 36C3D96515C74062003CCD2A /* PGBotNativeEngine.m */; };
		36FE1B4115CCE7E9003310F0 /* DefaultVariables.txt in Resources */ = {isa = PBXBuildFile; fileRef = 36C3D98615C75FBA003CCD2A /* DefaultVariables.txt */; };
		36FE1B4215CCE7E9003310F0 /* Constants.txt in Resources */ = {isa = PBXBuildFile; fileRef = 36C3D98515C74458003CCD2A /* Constants.txt */; };
		36FE1B4315CCE7E9003310F0 /* Opcodes.txt in Resources */ = {isa = PBXBuildFile; fileRef = 363D8F6015C7EC2E000FB3AE /* Opcodes.txt */; };
		36FE1B4415CCE7E9003310F0 /* SystemCalls.txt in Resources */ = {isa = PBXBuildFile; fileRef = 363D8F6515C7F3CB000FB3AE /* SystemCalls.txt */; };
		36FE1B4515CCE7E9003310F0 /* Devices.txt in Resources */ = {isa = PBXBuildFile; fileRef = 363D8F6615C7F3EA000FB3AE /* Devices.txt */; };
		36FE1B4D15CCE922003310F0 /* PGBotNativeEngine.h in Headers */ = {isa = PBXBuildFile; fileRef = 36C3D96415C74062003CCD2A /* PGBotNativeEngine.h */; settings = {ATTRIBUTES = (Public, ); }; };
/* End PBXBuildFile section */

/* Begin PBXContainerItemProxy section */
		36C3D9B615C77F59003CCD2A /* PBXContainerItemProxy */ = {
			isa = PBXContainerItemProxy;
			containerPortal = 36C3D9AC15C77F58003CCD2A /* SBJson.xcodeproj */;
			proxyType = 2;
			remoteGlobalIDString = BC12323D1391D5CC00131607;
			remoteInfo = SBJson;
		};
		36C3D9B815C77F59003CCD2A /* PBXContainerItemProxy */ = {
			isa = PBXContainerItemProxy;
			containerPortal = 36C3D9AC15C77F58003CCD2A /* SBJson.xcodeproj */;
			proxyType = 2;
			remoteGlobalIDString = BC1232521391D5CC00131607;
			remoteInfo = SBJsonTests;
		};
		36C3D9BA15C77F59003CCD2A /* PBXContainerItemProxy */ = {
			isa = PBXContainerItemProxy;
			containerPortal = 36C3D9AC15C77F58003CCD2A /* SBJson.xcodeproj */;
			proxyType = 2;
			remoteGlobalIDString = BCC2626913920FC7003D9994;
			remoteInfo = "sbjson-ios";
		};
		36C3D9BC15C77F59003CCD2A /* PBXContainerItemProxy */ = {
			isa = PBXContainerItemProxy;
			containerPortal = 36C3D9AC15C77F58003CCD2A /* SBJson.xcodeproj */;
			proxyType = 2;
			remoteGlobalIDString = BCC2627313920FC7003D9994;
			remoteInfo = "sbjson-iosTests";
		};
		36FE1B3E15CCE7CB003310F0 /* PBXContainerItemProxy */ = {
			isa = PBXContainerItemProxy;
			containerPortal = 36C3D9AC15C77F58003CCD2A /* SBJson.xcodeproj */;
			proxyType = 1;
			remoteGlobalIDString = BC12323C1391D5CC00131607;
			remoteInfo = SBJson;
		};
/* End PBXContainerItemProxy section */

/* Begin PBXFileReference section */
		3604DD1215CE22650072B834 /* CompileError.h */ = {isa = PBXFileReference; fileEncoding = 4; lastKnownFileType = sourcecode.c.h; name = CompileError.h; path = CompileError/CompileError.h; sourceTree = "<group>"; };
		3604DD1315CE22660072B834 /* CompileError.m */ = {isa = PBXFileReference; fileEncoding = 4; lastKnownFileType = sourcecode.c.objc; name = CompileError.m; path = CompileError/CompileError.m; sourceTree = "<group>"; };
		3609A10115C9B93C002E312A /* PGBotNativeEngine+CheckForEndOfMatch.h */ = {isa = PBXFileReference; fileEncoding = 4; lastKnownFileType = sourcecode.c.h; path = "PGBotNativeEngine+CheckForEndOfMatch.h"; sourceTree = "<group>"; };
		3609A10215C9B93C002E312A /* PGBotNativeEngine+CheckForEndOfMatch.m */ = {isa = PBXFileReference; fileEncoding = 4; lastKnownFileType = sourcecode.c.objc; path = "PGBotNativeEngine+CheckForEndOfMatch.m"; sourceTree = "<group>"; };
		3609A16D15CA13C5002E312A /* Mine.h */ = {isa = PBXFileReference; fileEncoding = 4; lastKnownFileType = sourcecode.c.h; name = Mine.h; path = mine/Mine.h; sourceTree = "<group>"; };
		3609A16E15CA13C5002E312A /* Mine.m */ = {isa = PBXFileReference; fileEncoding = 4; lastKnownFileType = sourcecode.c.objc; name = Mine.m; path = mine/Mine.m; sourceTree = "<group>"; };
		3609A17515CA1489002E312A /* Mine+Interface.h */ = {isa = PBXFileReference; fileEncoding = 4; lastKnownFileType = sourcecode.c.h; name = "Mine+Interface.h"; path = "mine/Mine+Interface.h"; sourceTree = "<group>"; };
		3609A17615CA1489002E312A /* Mine+Interface.m */ = {isa = PBXFileReference; fileEncoding = 4; lastKnownFileType = sourcecode.c.objc; name = "Mine+Interface.m"; path = "mine/Mine+Interface.m"; sourceTree = "<group>"; };
		363D8F4A15C7DB47000FB3AE /* GemBot+Compiler.h */ = {isa = PBXFileReference; fileEncoding = 4; lastKnownFileType = sourcecode.c.h; path = "GemBot+Compiler.h"; sourceTree = "<group>"; };
		363D8F4B15C7DB47000FB3AE /* GemBot+Compiler.m */ = {isa = PBXFileReference; fileEncoding = 4; lastKnownFileType = sourcecode.c.objc; path = "GemBot+Compiler.m"; sourceTree = "<group>"; };
		363D8F4E15C7DB56000FB3AE /* GemBot+SourceCodeCompiler.h */ = {isa = PBXFileReference; fileEncoding = 4; lastKnownFileType = sourcecode.c.h; path = "GemBot+SourceCodeCompiler.h"; sourceTree = "<group>"; };
		363D8F4F15C7DB56000FB3AE /* GemBot+SourceCodeCompiler.m */ = {isa = PBXFileReference; fileEncoding = 4; lastKnownFileType = sourcecode.c.objc; path = "GemBot+SourceCodeCompiler.m"; sourceTree = "<group>"; };
		363D8F5215C7DB6A000FB3AE /* GemBot+BinaryCompiler.h */ = {isa = PBXFileReference; fileEncoding = 4; lastKnownFileType = sourcecode.c.h; path = "GemBot+BinaryCompiler.h"; sourceTree = "<group>"; };
		363D8F5315C7DB6A000FB3AE /* GemBot+BinaryCompiler.m */ = {isa = PBXFileReference; fileEncoding = 4; lastKnownFileType = sourcecode.c.objc; path = "GemBot+BinaryCompiler.m"; sourceTree = "<group>"; };
		363D8F5815C7E75E000FB3AE /* PGBotNativeEngine+Runtime.h */ = {isa = PBXFileReference; fileEncoding = 4; lastKnownFileType = sourcecode.c.h; path = "PGBotNativeEngine+Runtime.h"; sourceTree = "<group>"; };
		363D8F5915C7E75E000FB3AE /* PGBotNativeEngine+Runtime.m */ = {isa = PBXFileReference; fileEncoding = 4; lastKnownFileType = sourcecode.c.objc; path = "PGBotNativeEngine+Runtime.m"; sourceTree = "<group>"; };
		363D8F5C15C7E83B000FB3AE /* GemBot+Runtime.h */ = {isa = PBXFileReference; fileEncoding = 4; lastKnownFileType = sourcecode.c.h; path = "GemBot+Runtime.h"; sourceTree = "<group>"; };
		363D8F5D15C7E83B000FB3AE /* GemBot+Runtime.m */ = {isa = PBXFileReference; fileEncoding = 4; lastKnownFileType = sourcecode.c.objc; path = "GemBot+Runtime.m"; sourceTree = "<group>"; };
		363D8F6015C7EC2E000FB3AE /* Opcodes.txt */ = {isa = PBXFileReference; fileEncoding = 4; lastKnownFileType = text; path = Opcodes.txt; sourceTree = "<group>"; };
		363D8F6115C7ECD4000FB3AE /* Opcode.h */ = {isa = PBXFileReference; fileEncoding = 4; lastKnownFileType = sourcecode.c.h; path = Opcode.h; sourceTree = "<group>"; };
		363D8F6215C7ECD4000FB3AE /* Opcode.m */ = {isa = PBXFileReference; fileEncoding = 4; lastKnownFileType = sourcecode.c.objc; path = Opcode.m; sourceTree = "<group>"; };
		363D8F6515C7F3CB000FB3AE /* SystemCalls.txt */ = {isa = PBXFileReference; fileEncoding = 4; lastKnownFileType = text; path = SystemCalls.txt; sourceTree = "<group>"; };
		363D8F6615C7F3EA000FB3AE /* Devices.txt */ = {isa = PBXFileReference; fileEncoding = 4; lastKnownFileType = text; path = Devices.txt; sourceTree = "<group>"; };
		363D8F6815C8681E000FB3AE /* GemBot+Memory.h */ = {isa = PBXFileReference; fileEncoding = 4; lastKnownFileType = sourcecode.c.h; path = "GemBot+Memory.h"; sourceTree = "<group>"; };
		363D8F6915C8681E000FB3AE /* GemBot+Memory.m */ = {isa = PBXFileReference; fileEncoding = 4; lastKnownFileType = sourcecode.c.objc; path = "GemBot+Memory.m"; sourceTree = "<group>"; };
		363D8F6C15C875AC000FB3AE /* GemBot+Operations.h */ = {isa = PBXFileReference; fileEncoding = 4; lastKnownFileType = sourcecode.c.h; path = "GemBot+Operations.h"; sourceTree = "<group>"; };
		363D8F6D15C875AC000FB3AE /* GemBot+Operations.m */ = {isa = PBXFileReference; fileEncoding = 4; lastKnownFileType = sourcecode.c.objc; path = "GemBot+Operations.m"; sourceTree = "<group>"; };
		363D8F7015C89097000FB3AE /* EngineDefinitions.c */ = {isa = PBXFileReference; fileEncoding = 4; lastKnownFileType = sourcecode.c.c; path = EngineDefinitions.c; sourceTree = "<group>"; };
		363D8F7215C890EB000FB3AE /* GemBot+Interface.h */ = {isa = PBXFileReference; fileEncoding = 4; lastKnownFileType = sourcecode.c.h; path = "GemBot+Interface.h"; sourceTree = "<group>"; };
		363D8F7315C890EB000FB3AE /* GemBot+Interface.m */ = {isa = PBXFileReference; fileEncoding = 4; lastKnownFileType = sourcecode.c.objc; path = "GemBot+Interface.m"; sourceTree = "<group>"; };
		363D8F7615C893A1000FB3AE /* GemBot+SystemCalls.h */ = {isa = PBXFileReference; fileEncoding = 4; lastKnownFileType = sourcecode.c.h; path = "GemBot+SystemCalls.h"; sourceTree = "<group>"; };
		363D8F7715C893A1000FB3AE /* GemBot+SystemCalls.m */ = {isa = PBXFileReference; fileEncoding = 4; lastKnownFileType = sourcecode.c.objc; path = "GemBot+SystemCalls.m"; sourceTree = "<group>"; };
		363D8F7A15C8A1CF000FB3AE /* PGBotNativeEngine+Interface.h */ = {isa = PBXFileReference; fileEncoding = 4; lastKnownFileType = sourcecode.c.h; path = "PGBotNativeEngine+Interface.h"; sourceTree = "<group>"; };
		363D8F7B15C8A1CF000FB3AE /* PGBotNativeEngine+Interface.m */ = {isa = PBXFileReference; fileEncoding = 4; lastKnownFileType = sourcecode.c.objc; path = "PGBotNativeEngine+Interface.m"; sourceTree = "<group>"; };
		363D8F7E15C8A7AA000FB3AE /* GemBot+Communication.h */ = {isa = PBXFileReference; fileEncoding = 4; lastKnownFileType = sourcecode.c.h; path = "GemBot+Communication.h"; sourceTree = "<group>"; };
		363D8F7F15C8A7AA000FB3AE /* GemBot+Communication.m */ = {isa = PBXFileReference; fileEncoding = 4; lastKnownFileType = sourcecode.c.objc; path = "GemBot+Communication.m"; sourceTree = "<group>"; };
		363D8F8215C8AA9C000FB3AE /* GemBot+Devices.h */ = {isa = PBXFileReference; fileEncoding = 4; lastKnownFileType = sourcecode.c.h; path = "GemBot+Devices.h"; sourceTree = "<group>"; };
		363D8F8315C8AA9C000FB3AE /* GemBot+Devices.m */ = {isa = PBXFileReference; fileEncoding = 4; lastKnownFileType = sourcecode.c.objc; path = "GemBot+Devices.m"; sourceTree = "<group>"; };
		366B027415C8B27C006441FF /* Random.h */ = {isa = PBXFileReference; fileEncoding = 4; lastKnownFileType = sourcecode.c.h; name = Random.h; path = Utility/Random.h; sourceTree = "<group>"; };
		366B027515C8B27C006441FF /* Random.m */ = {isa = PBXFileReference; fileEncoding = 4; lastKnownFileType = sourcecode.c.objc; name = Random.m; path = Utility/Random.m; sourceTree = "<group>"; };
		366B027815C8B3D8006441FF /* TangibleObject.h */ = {isa = PBXFileReference; lastKnownFileType = sourcecode.c.h; path = TangibleObject.h; sourceTree = "<group>"; };
		366B027915C8B414006441FF /* OrientedObject.h */ = {isa = PBXFileReference; lastKnownFileType = sourcecode.c.h; name = OrientedObject.h; path = Utility/OrientedObject.h; sourceTree = "<group>"; };
		366B027A15C8C080006441FF /* Missile+Interface.h */ = {isa = PBXFileReference; fileEncoding = 4; lastKnownFileType = sourcecode.c.h; path = "Missile+Interface.h"; sourceTree = "<group>"; };
		366B027B15C8C080006441FF /* Missile+Interface.m */ = {isa = PBXFileReference; fileEncoding = 4; lastKnownFileType = sourcecode.c.objc; path = "Missile+Interface.m"; sourceTree = "<group>"; };
		366B027E15C8C0D7006441FF /* GemBot+Stats.h */ = {isa = PBXFileReference; fileEncoding = 4; lastKnownFileType = sourcecode.c.h; name = "GemBot+Stats.h"; path = "GemBot/GemBot+Stats.h"; sourceTree = "<group>"; };
		366B027F15C8C0D7006441FF /* GemBot+Stats.m */ = {isa = PBXFileReference; fileEncoding = 4; lastKnownFileType = sourcecode.c.objc; name = "GemBot+Stats.m"; path = "GemBot/GemBot+Stats.m"; sourceTree = "<group>"; };
		366B028215C8C32E006441FF /* TurretedObject.h */ = {isa = PBXFileReference; lastKnownFileType = sourcecode.c.h; name = TurretedObject.h; path = Utility/TurretedObject.h; sourceTree = "<group>"; };
		366B028415C9968A006441FF /* PGBotNativeEngine+DealDamage.h */ = {isa = PBXFileReference; fileEncoding = 4; lastKnownFileType = sourcecode.c.h; path = "PGBotNativeEngine+DealDamage.h"; sourceTree = "<group>"; };
		366B028515C9968A006441FF /* PGBotNativeEngine+DealDamage.m */ = {isa = PBXFileReference; fileEncoding = 4; lastKnownFileType = sourcecode.c.objc; path = "PGBotNativeEngine+DealDamage.m"; sourceTree = "<group>"; };
		366B028815C99B99006441FF /* PGBotNativeEngine+RobotCPUPhase.h */ = {isa = PBXFileReference; fileEncoding = 4; lastKnownFileType = sourcecode.c.h; path = "PGBotNativeEngine+RobotCPUPhase.h"; sourceTree = "<group>"; };
		366B028915C99B99006441FF /* PGBotNativeEngine+RobotCPUPhase.m */ = {isa = PBXFileReference; fileEncoding = 4; lastKnownFileType = sourcecode.c.objc; path = "PGBotNativeEngine+RobotCPUPhase.m"; sourceTree = "<group>"; };
		366B028C15C99BFC006441FF /* PGBotNativeEngine+CollisionPhase.h */ = {isa = PBXFileReference; fileEncoding = 4; lastKnownFileType = sourcecode.c.h; path = "PGBotNativeEngine+CollisionPhase.h"; sourceTree = "<group>"; };
		366B028D15C99BFC006441FF /* PGBotNativeEngine+CollisionPhase.m */ = {isa = PBXFileReference; fileEncoding = 4; lastKnownFileType = sourcecode.c.objc; path = "PGBotNativeEngine+CollisionPhase.m"; sourceTree = "<group>"; };
		366B029015C99C54006441FF /* PGBotNativeEngine+Movement.h */ = {isa = PBXFileReference; fileEncoding = 4; lastKnownFileType = sourcecode.c.h; path = "PGBotNativeEngine+Movement.h"; sourceTree = "<group>"; };
		366B029115C99C54006441FF /* PGBotNativeEngine+Movement.m */ = {isa = PBXFileReference; fileEncoding = 4; lastKnownFileType = sourcecode.c.objc; path = "PGBotNativeEngine+Movement.m"; sourceTree = "<group>"; };
		366B029415C99D33006441FF /* PGBotNativeEngine+CommPhase.h */ = {isa = PBXFileReference; fileEncoding = 4; lastKnownFileType = sourcecode.c.h; path = "PGBotNativeEngine+CommPhase.h"; sourceTree = "<group>"; };
		366B029515C99D33006441FF /* PGBotNativeEngine+CommPhase.m */ = {isa = PBXFileReference; fileEncoding = 4; lastKnownFileType = sourcecode.c.objc; path = "PGBotNativeEngine+CommPhase.m"; sourceTree = "<group>"; };
		366B029C15C9A037006441FF /* GemBot+Reset.h */ = {isa = PBXFileReference; fileEncoding = 4; lastKnownFileType = sourcecode.c.h; name = "GemBot+Reset.h"; path = "GemBot/GemBot+Reset.h"; sourceTree = "<group>"; };
		366B029D15C9A037006441FF /* GemBot+Reset.m */ = {isa = PBXFileReference; fileEncoding = 4; lastKnownFileType = sourcecode.c.objc; name = "GemBot+Reset.m"; path = "GemBot/GemBot+Reset.m"; sourceTree = "<group>"; };
		366B02A015C9A0DE006441FF /* PGBotNativeEngine+CleanPhase.h */ = {isa = PBXFileReference; fileEncoding = 4; lastKnownFileType = sourcecode.c.h; path = "PGBotNativeEngine+CleanPhase.h"; sourceTree = "<group>"; };
		366B02A115C9A0DE006441FF /* PGBotNativeEngine+CleanPhase.m */ = {isa = PBXFileReference; fileEncoding = 4; lastKnownFileType = sourcecode.c.objc; path = "PGBotNativeEngine+CleanPhase.m"; sourceTree = "<group>"; };
		366B02A515C9A1D0006441FF /* PGBotNativeEngine+RobotDeath.h */ = {isa = PBXFileReference; fileEncoding = 4; lastKnownFileType = sourcecode.c.h; path = "PGBotNativeEngine+RobotDeath.h"; sourceTree = "<group>"; };
		366B02A615C9A1D1006441FF /* PGBotNativeEngine+RobotDeath.m */ = {isa = PBXFileReference; fileEncoding = 4; lastKnownFileType = sourcecode.c.objc; path = "PGBotNativeEngine+RobotDeath.m"; sourceTree = "<group>"; };
		366B02AD15C9A4A0006441FF /* GemBot+Movement.h */ = {isa = PBXFileReference; fileEncoding = 4; lastKnownFileType = sourcecode.c.h; path = "GemBot+Movement.h"; sourceTree = "<group>"; };
		366B02AE15C9A4A0006441FF /* GemBot+Movement.m */ = {isa = PBXFileReference; fileEncoding = 4; lastKnownFileType = sourcecode.c.objc; path = "GemBot+Movement.m"; sourceTree = "<group>"; };
		36A8980615CA5DA40028CEB4 /* RandomProtocol.h */ = {isa = PBXFileReference; lastKnownFileType = sourcecode.c.h; path = RandomProtocol.h; sourceTree = "<group>"; };
		36C3D95B15C74062003CCD2A /* Cocoa.framework */ = {isa = PBXFileReference; lastKnownFileType = wrapper.framework; name = Cocoa.framework; path = System/Library/Frameworks/Cocoa.framework; sourceTree = SDKROOT; };
		36C3D95E15C74062003CCD2A /* AppKit.framework */ = {isa = PBXFileReference; lastKnownFileType = wrapper.framework; name = AppKit.framework; path = System/Library/Frameworks/AppKit.framework; sourceTree = SDKROOT; };
		36C3D95F15C74062003CCD2A /* CoreData.framework */ = {isa = PBXFileReference; lastKnownFileType = wrapper.framework; name = CoreData.framework; path = System/Library/Frameworks/CoreData.framework; sourceTree = SDKROOT; };
		36C3D96015C74062003CCD2A /* Foundation.framework */ = {isa = PBXFileReference; lastKnownFileType = wrapper.framework; name = Foundation.framework; path = System/Library/Frameworks/Foundation.framework; sourceTree = SDKROOT; };
		36C3D96315C74062003CCD2A /* PGBotNativeEngine-Prefix.pch */ = {isa = PBXFileReference; lastKnownFileType = sourcecode.c.h; path = "PGBotNativeEngine-Prefix.pch"; sourceTree = "<group>"; };
		36C3D96415C74062003CCD2A /* PGBotNativeEngine.h */ = {isa = PBXFileReference; lastKnownFileType = sourcecode.c.h; path = PGBotNativeEngine.h; sourceTree = "<group>"; };
		36C3D96515C74062003CCD2A /* PGBotNativeEngine.m */ = {isa = PBXFileReference; lastKnownFileType = sourcecode.c.objc; path = PGBotNativeEngine.m; sourceTree = "<group>"; };
		36C3D97815C74180003CCD2A /* GemBot.h */ = {isa = PBXFileReference; fileEncoding = 4; lastKnownFileType = sourcecode.c.h; name = GemBot.h; path = PGBotNativeEngine/GemBot.h; sourceTree = "<group>"; };
		36C3D97915C74180003CCD2A /* GemBot.m */ = {isa = PBXFileReference; fileEncoding = 4; lastKnownFileType = sourcecode.c.objc; name = GemBot.m; path = PGBotNativeEngine/GemBot.m; sourceTree = "<group>"; };
		36C3D98115C7434C003CCD2A /* EngineUtility.h */ = {isa = PBXFileReference; fileEncoding = 4; lastKnownFileType = sourcecode.c.h; name = EngineUtility.h; path = PGBotNativeEngine/EngineUtility.h; sourceTree = "<group>"; };
		36C3D98215C7434C003CCD2A /* EngineUtility.m */ = {isa = PBXFileReference; fileEncoding = 4; lastKnownFileType = sourcecode.c.objc; name = EngineUtility.m; path = PGBotNativeEngine/EngineUtility.m; sourceTree = "<group>"; };
		36C3D98515C74458003CCD2A /* Constants.txt */ = {isa = PBXFileReference; fileEncoding = 4; lastKnownFileType = text; name = Constants.txt; path = PGBotNativeEngine/Constants.txt; sourceTree = "<group>"; };
		36C3D98615C75FBA003CCD2A /* DefaultVariables.txt */ = {isa = PBXFileReference; fileEncoding = 4; lastKnownFileType = text; path = DefaultVariables.txt; sourceTree = "<group>"; };
		36C3D99715C771FC003CCD2A /* GameStateDescriptor.h */ = {isa = PBXFileReference; fileEncoding = 4; lastKnownFileType = sourcecode.c.h; path = GameStateDescriptor.h; sourceTree = "<group>"; };
		36C3D99915C771FC003CCD2A /* PGBotEngineProtocol.h */ = {isa = PBXFileReference; fileEncoding = 4; lastKnownFileType = sourcecode.c.h; path = PGBotEngineProtocol.h; sourceTree = "<group>"; };
		36C3D99E15C776C6003CCD2A /* Missile.h */ = {isa = PBXFileReference; fileEncoding = 4; lastKnownFileType = sourcecode.c.h; name = Missile.h; path = PGBotNativeEngine/Missile.h; sourceTree = "<group>"; };
		36C3D99F15C776C6003CCD2A /* Missile.m */ = {isa = PBXFileReference; fileEncoding = 4; lastKnownFileType = sourcecode.c.objc; name = Missile.m; path = PGBotNativeEngine/Missile.m; sourceTree = "<group>"; };
		36C3D9A215C776F4003CCD2A /* Scan.h */ = {isa = PBXFileReference; fileEncoding = 4; lastKnownFileType = sourcecode.c.h; path = Scan.h; sourceTree = "<group>"; };
		36C3D9A315C776F4003CCD2A /* Scan.m */ = {isa = PBXFileReference; fileEncoding = 4; lastKnownFileType = sourcecode.c.objc; path = Scan.m; sourceTree = "<group>"; };
		36C3D9A615C77722003CCD2A /* Explosion.h */ = {isa = PBXFileReference; fileEncoding = 4; lastKnownFileType = sourcecode.c.h; path = Explosion.h; sourceTree = "<group>"; };
		36C3D9A715C77722003CCD2A /* Explosion.m */ = {isa = PBXFileReference; fileEncoding = 4; lastKnownFileType = sourcecode.c.objc; path = Explosion.m; sourceTree = "<group>"; };
		36C3D9AA15C77AAC003CCD2A /* EngineDefinitions.h */ = {isa = PBXFileReference; lastKnownFileType = sourcecode.c.h; path = EngineDefinitions.h; sourceTree = "<group>"; };
		36C3D9AC15C77F58003CCD2A /* SBJson.xcodeproj */ = {isa = PBXFileReference; lastKnownFileType = "wrapper.pb-project"; name = SBJson.xcodeproj; path = external/SBJson_3.1/SBJson.xcodeproj; sourceTree = "<group>"; };
		36C3D9C115C79671003CCD2A /* SBJson.h */ = {isa = PBXFileReference; fileEncoding = 4; lastKnownFileType = sourcecode.c.h; name = SBJson.h; path = external/SBJson_3.1/Classes/SBJson.h; sourceTree = "<group>"; };
		36CEB07915CEE0F700275B4A /* PGBotNativeEngine+GameManagement.h */ = {isa = PBXFileReference; fileEncoding = 4; lastKnownFileType = sourcecode.c.h; path = "PGBotNativeEngine+GameManagement.h"; sourceTree = "<group>"; };
		36CEB07A15CEE0F700275B4A /* PGBotNativeEngine+GameManagement.m */ = {isa = PBXFileReference; fileEncoding = 4; lastKnownFileType = sourcecode.c.objc; path = "PGBotNativeEngine+GameManagement.m"; sourceTree = "<group>"; };
		36CEB07D15CEFC4000275B4A /* PGBotNativeEngine+Explosions.h */ = {isa = PBXFileReference; fileEncoding = 4; lastKnownFileType = sourcecode.c.h; path = "PGBotNativeEngine+Explosions.h"; sourceTree = "<group>"; };
		36CEB07E15CEFC4000275B4A /* PGBotNativeEngine+Explosions.m */ = {isa = PBXFileReference; fileEncoding = 4; lastKnownFileType = sourcecode.c.objc; path = "PGBotNativeEngine+Explosions.m"; sourceTree = "<group>"; };
		36CEB08115CF051B00275B4A /* MoveableObject.h */ = {isa = PBXFileReference; lastKnownFileType = sourcecode.c.h; name = MoveableObject.h; path = Utility/MoveableObject.h; sourceTree = "<group>"; };
		36CEB08215CF07CD00275B4A /* CollideableObject.h */ = {isa = PBXFileReference; lastKnownFileType = sourcecode.c.h; path = CollideableObject.h; sourceTree = "<group>"; };
		36CEB08415CF08D800275B4A /* Wall.h */ = {isa = PBXFileReference; fileEncoding = 4; lastKnownFileType = sourcecode.c.h; path = Wall.h; sourceTree = "<group>"; };
		36CEB08515CF08D800275B4A /* Wall.m */ = {isa = PBXFileReference; fileEncoding = 4; lastKnownFileType = sourcecode.c.objc; path = Wall.m; sourceTree = "<group>"; };
		36CEB08815CF09DA00275B4A /* GemBot+Collision.h */ = {isa = PBXFileReference; fileEncoding = 4; lastKnownFileType = sourcecode.c.h; name = "GemBot+Collision.h"; path = "GemBot/GemBot+Collision.h"; sourceTree = "<group>"; };
		36CEB08915CF09DA00275B4A /* GemBot+Collision.m */ = {isa = PBXFileReference; fileEncoding = 4; lastKnownFileType = sourcecode.c.objc; name = "GemBot+Collision.m"; path = "GemBot/GemBot+Collision.m"; sourceTree = "<group>"; };
		36FE1B0915CCE787003310F0 /* NativeEngine.bundle */ = {isa = PBXFileReference; explicitFileType = wrapper.cfbundle; includeInIndex = 0; path = NativeEngine.bundle; sourceTree = BUILT_PRODUCTS_DIR; };
		36FE1B0A15CCE787003310F0 /* CoreFoundation.framework */ = {isa = PBXFileReference; lastKnownFileType = wrapper.framework; name = CoreFoundation.framework; path = System/Library/Frameworks/CoreFoundation.framework; sourceTree = SDKROOT; };
		36FE1B0E15CCE787003310F0 /* NativeEngine-Info.plist */ = {isa = PBXFileReference; lastKnownFileType = text.plist.xml; path = "NativeEngine-Info.plist"; sourceTree = "<group>"; };
		36FE1B1015CCE787003310F0 /* en */ = {isa = PBXFileReference; lastKnownFileType = text.plist.strings; name = en; path = en.lproj/InfoPlist.strings; sourceTree = "<group>"; };
		36FE1B1215CCE787003310F0 /* NativeEngine-Prefix.pch */ = {isa = PBXFileReference; lastKnownFileType = sourcecode.c.h; path = "NativeEngine-Prefix.pch"; sourceTree = "<group>"; };
/* End PBXFileReference section */

/* Begin PBXFrameworksBuildPhase section */
		36FE1B0615CCE787003310F0 /* Frameworks */ = {
			isa = PBXFrameworksBuildPhase;
			buildActionMask = 2147483647;
			files = (
				36FE1B0B15CCE787003310F0 /* CoreFoundation.framework in Frameworks */,
			);
			runOnlyForDeploymentPostprocessing = 0;
		};
/* End PBXFrameworksBuildPhase section */

/* Begin PBXGroup section */
		3609A16B15CA09C7002E312A /* missile */ = {
			isa = PBXGroup;
			children = (
				366B027A15C8C080006441FF /* Missile+Interface.h */,
				366B027B15C8C080006441FF /* Missile+Interface.m */,
				36C3D99E15C776C6003CCD2A /* Missile.h */,
				36C3D99F15C776C6003CCD2A /* Missile.m */,
			);
			name = missile;
			sourceTree = "<group>";
		};
		3609A16C15CA13B6002E312A /* mine */ = {
			isa = PBXGroup;
			children = (
				3609A16D15CA13C5002E312A /* Mine.h */,
				3609A16E15CA13C5002E312A /* Mine.m */,
				3609A17515CA1489002E312A /* Mine+Interface.h */,
				3609A17615CA1489002E312A /* Mine+Interface.m */,
			);
			name = mine;
			sourceTree = "<group>";
		};
		363D8F5615C7DC07000FB3AE /* compiler */ = {
			isa = PBXGroup;
			children = (
				3604DD1215CE22650072B834 /* CompileError.h */,
				3604DD1315CE22660072B834 /* CompileError.m */,
				363D8F4A15C7DB47000FB3AE /* GemBot+Compiler.h */,
				363D8F4B15C7DB47000FB3AE /* GemBot+Compiler.m */,
				363D8F4E15C7DB56000FB3AE /* GemBot+SourceCodeCompiler.h */,
				363D8F4F15C7DB56000FB3AE /* GemBot+SourceCodeCompiler.m */,
				363D8F5215C7DB6A000FB3AE /* GemBot+BinaryCompiler.h */,
				363D8F5315C7DB6A000FB3AE /* GemBot+BinaryCompiler.m */,
			);
			name = compiler;
			sourceTree = "<group>";
		};
		363D8F6715C86805000FB3AE /* gembot */ = {
			isa = PBXGroup;
			children = (
				36C3D97815C74180003CCD2A /* GemBot.h */,
				36C3D97915C74180003CCD2A /* GemBot.m */,
				363D8F5C15C7E83B000FB3AE /* GemBot+Runtime.h */,
				363D8F5D15C7E83B000FB3AE /* GemBot+Runtime.m */,
				363D8F6815C8681E000FB3AE /* GemBot+Memory.h */,
				363D8F6915C8681E000FB3AE /* GemBot+Memory.m */,
				363D8F6C15C875AC000FB3AE /* GemBot+Operations.h */,
				363D8F6D15C875AC000FB3AE /* GemBot+Operations.m */,
				363D8F7215C890EB000FB3AE /* GemBot+Interface.h */,
				363D8F7315C890EB000FB3AE /* GemBot+Interface.m */,
				363D8F7615C893A1000FB3AE /* GemBot+SystemCalls.h */,
				363D8F7715C893A1000FB3AE /* GemBot+SystemCalls.m */,
				363D8F7E15C8A7AA000FB3AE /* GemBot+Communication.h */,
				363D8F7F15C8A7AA000FB3AE /* GemBot+Communication.m */,
				363D8F8215C8AA9C000FB3AE /* GemBot+Devices.h */,
				363D8F8315C8AA9C000FB3AE /* GemBot+Devices.m */,
				366B027E15C8C0D7006441FF /* GemBot+Stats.h */,
				366B027F15C8C0D7006441FF /* GemBot+Stats.m */,
				366B029C15C9A037006441FF /* GemBot+Reset.h */,
				366B029D15C9A037006441FF /* GemBot+Reset.m */,
				366B02AD15C9A4A0006441FF /* GemBot+Movement.h */,
				366B02AE15C9A4A0006441FF /* GemBot+Movement.m */,
				36CEB08815CF09DA00275B4A /* GemBot+Collision.h */,
				36CEB08915CF09DA00275B4A /* GemBot+Collision.m */,
			);
			name = gembot;
			sourceTree = "<group>";
		};
		366B026F15C8B246006441FF /* Utility */ = {
			isa = PBXGroup;
			children = (
				36C3D98115C7434C003CCD2A /* EngineUtility.h */,
				36C3D98215C7434C003CCD2A /* EngineUtility.m */,
				366B027415C8B27C006441FF /* Random.h */,
				366B027515C8B27C006441FF /* Random.m */,
				366B027815C8B3D8006441FF /* TangibleObject.h */,
				366B027915C8B414006441FF /* OrientedObject.h */,
				366B028215C8C32E006441FF /* TurretedObject.h */,
				36CEB08115CF051B00275B4A /* MoveableObject.h */,
				36CEB08215CF07CD00275B4A /* CollideableObject.h */,
			);
			name = Utility;
			sourceTree = "<group>";
		};
		366B02A415C9A180006441FF /* runtime */ = {
			isa = PBXGroup;
			children = (
				363D8F5815C7E75E000FB3AE /* PGBotNativeEngine+Runtime.h */,
				363D8F5915C7E75E000FB3AE /* PGBotNativeEngine+Runtime.m */,
				363D8F7A15C8A1CF000FB3AE /* PGBotNativeEngine+Interface.h */,
				363D8F7B15C8A1CF000FB3AE /* PGBotNativeEngine+Interface.m */,
				366B028415C9968A006441FF /* PGBotNativeEngine+DealDamage.h */,
				366B028515C9968A006441FF /* PGBotNativeEngine+DealDamage.m */,
				366B028815C99B99006441FF /* PGBotNativeEngine+RobotCPUPhase.h */,
				366B028915C99B99006441FF /* PGBotNativeEngine+RobotCPUPhase.m */,
				366B028C15C99BFC006441FF /* PGBotNativeEngine+CollisionPhase.h */,
				366B028D15C99BFC006441FF /* PGBotNativeEngine+CollisionPhase.m */,
				366B029015C99C54006441FF /* PGBotNativeEngine+Movement.h */,
				366B029115C99C54006441FF /* PGBotNativeEngine+Movement.m */,
				366B029415C99D33006441FF /* PGBotNativeEngine+CommPhase.h */,
				366B029515C99D33006441FF /* PGBotNativeEngine+CommPhase.m */,
				366B02A015C9A0DE006441FF /* PGBotNativeEngine+CleanPhase.h */,
				366B02A115C9A0DE006441FF /* PGBotNativeEngine+CleanPhase.m */,
				366B02A515C9A1D0006441FF /* PGBotNativeEngine+RobotDeath.h */,
				366B02A615C9A1D1006441FF /* PGBotNativeEngine+RobotDeath.m */,
				3609A10115C9B93C002E312A /* PGBotNativeEngine+CheckForEndOfMatch.h */,
				3609A10215C9B93C002E312A /* PGBotNativeEngine+CheckForEndOfMatch.m */,
				36CEB07915CEE0F700275B4A /* PGBotNativeEngine+GameManagement.h */,
				36CEB07A15CEE0F700275B4A /* PGBotNativeEngine+GameManagement.m */,
				36CEB07D15CEFC4000275B4A /* PGBotNativeEngine+Explosions.h */,
				36CEB07E15CEFC4000275B4A /* PGBotNativeEngine+Explosions.m */,
			);
			name = runtime;
			sourceTree = "<group>";
		};
		36C3D94D15C74062003CCD2A = {
			isa = PBXGroup;
			children = (
				366B026F15C8B246006441FF /* Utility */,
				36C3D9AB15C77F4E003CCD2A /* external */,
				36C3D9AA15C77AAC003CCD2A /* EngineDefinitions.h */,
				363D8F7015C89097000FB3AE /* EngineDefinitions.c */,
				36C3D99615C771FC003CCD2A /* include */,
				36C3D98615C75FBA003CCD2A /* DefaultVariables.txt */,
				36C3D98515C74458003CCD2A /* Constants.txt */,
				363D8F6015C7EC2E000FB3AE /* Opcodes.txt */,
				363D8F6515C7F3CB000FB3AE /* SystemCalls.txt */,
				363D8F6615C7F3EA000FB3AE /* Devices.txt */,
				363D8F6115C7ECD4000FB3AE /* Opcode.h */,
				363D8F6215C7ECD4000FB3AE /* Opcode.m */,
				36C3D98015C742B1003CCD2A /* GameState */,
				36C3D96115C74062003CCD2A /* PGBotNativeEngine */,
				36C3D95A15C74062003CCD2A /* Frameworks */,
				36C3D95915C74062003CCD2A /* Products */,
			);
			sourceTree = "<group>";
		};
		36C3D95915C74062003CCD2A /* Products */ = {
			isa = PBXGroup;
			children = (
				36FE1B0915CCE787003310F0 /* NativeEngine.bundle */,
			);
			name = Products;
			sourceTree = "<group>";
		};
		36C3D95A15C74062003CCD2A /* Frameworks */ = {
			isa = PBXGroup;
			children = (
				36C3D95B15C74062003CCD2A /* Cocoa.framework */,
				36FE1B0A15CCE787003310F0 /* CoreFoundation.framework */,
				36C3D95D15C74062003CCD2A /* Other Frameworks */,
			);
			name = Frameworks;
			sourceTree = "<group>";
		};
		36C3D95D15C74062003CCD2A /* Other Frameworks */ = {
			isa = PBXGroup;
			children = (
				36C3D95E15C74062003CCD2A /* AppKit.framework */,
				36C3D95F15C74062003CCD2A /* CoreData.framework */,
				36C3D96015C74062003CCD2A /* Foundation.framework */,
			);
			name = "Other Frameworks";
			sourceTree = "<group>";
		};
		36C3D96115C74062003CCD2A /* PGBotNativeEngine */ = {
			isa = PBXGroup;
			children = (
				36FE1B0C15CCE787003310F0 /* NativeEngine */,
				366B02A415C9A180006441FF /* runtime */,
				36C3D96415C74062003CCD2A /* PGBotNativeEngine.h */,
				36C3D96515C74062003CCD2A /* PGBotNativeEngine.m */,
				36C3D96215C74062003CCD2A /* Supporting Files */,
				36A8980615CA5DA40028CEB4 /* RandomProtocol.h */,
			);
			path = PGBotNativeEngine;
			sourceTree = "<group>";
		};
		36C3D96215C74062003CCD2A /* Supporting Files */ = {
			isa = PBXGroup;
			children = (
				36C3D96315C74062003CCD2A /* PGBotNativeEngine-Prefix.pch */,
			);
			name = "Supporting Files";
			sourceTree = "<group>";
		};
		36C3D98015C742B1003CCD2A /* GameState */ = {
			isa = PBXGroup;
			children = (
				36CEB08315CF08C900275B4A /* wall */,
				3609A16C15CA13B6002E312A /* mine */,
				3609A16B15CA09C7002E312A /* missile */,
				363D8F6715C86805000FB3AE /* gembot */,
				363D8F5615C7DC07000FB3AE /* compiler */,
				36C3D9A215C776F4003CCD2A /* Scan.h */,
				36C3D9A315C776F4003CCD2A /* Scan.m */,
				36C3D9A615C77722003CCD2A /* Explosion.h */,
				36C3D9A715C77722003CCD2A /* Explosion.m */,
			);
			name = GameState;
			sourceTree = "<group>";
		};
		36C3D99615C771FC003CCD2A /* include */ = {
			isa = PBXGroup;
			children = (
				36C3D99715C771FC003CCD2A /* GameStateDescriptor.h */,
				36C3D99915C771FC003CCD2A /* PGBotEngineProtocol.h */,
			);
			name = include;
			path = ../include;
			sourceTree = "<group>";
		};
		36C3D9AB15C77F4E003CCD2A /* external */ = {
			isa = PBXGroup;
			children = (
				36C3D9C115C79671003CCD2A /* SBJson.h */,
				36C3D9AC15C77F58003CCD2A /* SBJson.xcodeproj */,
			);
			name = external;
			sourceTree = "<group>";
		};
		36C3D9AD15C77F58003CCD2A /* Products */ = {
			isa = PBXGroup;
			children = (
				36C3D9B715C77F59003CCD2A /* SBJson.framework */,
				36C3D9B915C77F59003CCD2A /* SBJsonTests.octest */,
				36C3D9BB15C77F59003CCD2A /* libsbjson-ios.a */,
				36C3D9BD15C77F59003CCD2A /* sbjson-iosTests.octest */,
			);
			name = Products;
			sourceTree = "<group>";
		};
		36CEB08315CF08C900275B4A /* wall */ = {
			isa = PBXGroup;
			children = (
				36CEB08415CF08D800275B4A /* Wall.h */,
				36CEB08515CF08D800275B4A /* Wall.m */,
			);
			name = wall;
			sourceTree = "<group>";
		};
		36FE1B0C15CCE787003310F0 /* NativeEngine */ = {
			isa = PBXGroup;
			children = (
				36FE1B0D15CCE787003310F0 /* Supporting Files */,
			);
			name = NativeEngine;
			path = ../NativeEngine;
			sourceTree = "<group>";
		};
		36FE1B0D15CCE787003310F0 /* Supporting Files */ = {
			isa = PBXGroup;
			children = (
				36FE1B0E15CCE787003310F0 /* NativeEngine-Info.plist */,
				36FE1B0F15CCE787003310F0 /* InfoPlist.strings */,
				36FE1B1215CCE787003310F0 /* NativeEngine-Prefix.pch */,
			);
			name = "Supporting Files";
			sourceTree = "<group>";
		};
/* End PBXGroup section */

/* Begin PBXHeadersBuildPhase section */
		36FE1B4C15CCE90F003310F0 /* Headers */ = {
			isa = PBXHeadersBuildPhase;
			buildActionMask = 2147483647;
			files = (
				36FE1B4D15CCE922003310F0 /* PGBotNativeEngine.h in Headers */,
				36CEB07B15CEE0F700275B4A /* PGBotNativeEngine+GameManagement.h in Headers */,
				36CEB07F15CEFC4100275B4A /* PGBotNativeEngine+Explosions.h in Headers */,
				36CEB08615CF08D800275B4A /* Wall.h in Headers */,
				36CEB08A15CF09DB00275B4A /* GemBot+Collision.h in Headers */,
			);
			runOnlyForDeploymentPostprocessing = 0;
		};
/* End PBXHeadersBuildPhase section */

/* Begin PBXNativeTarget section */
		36FE1B0815CCE787003310F0 /* NativeEngine */ = {
			isa = PBXNativeTarget;
			buildConfigurationList = 36FE1B1615CCE787003310F0 /* Build configuration list for PBXNativeTarget "NativeEngine" */;
			buildPhases = (
				36FE1B0515CCE787003310F0 /* Sources */,
				36FE1B0615CCE787003310F0 /* Frameworks */,
				36FE1B0715CCE787003310F0 /* Resources */,
				36FE1B4C15CCE90F003310F0 /* Headers */,
			);
			buildRules = (
			);
			dependencies = (
				36FE1B3F15CCE7CB003310F0 /* PBXTargetDependency */,
			);
			name = NativeEngine;
			productName = NativeEngine;
			productReference = 36FE1B0915CCE787003310F0 /* NativeEngine.bundle */;
			productType = "com.apple.product-type.bundle";
		};
/* End PBXNativeTarget section */

/* Begin PBXProject section */
		36C3D94F15C74062003CCD2A /* Project object */ = {
			isa = PBXProject;
			attributes = {
				LastUpgradeCheck = 0440;
				ORGANIZATIONNAME = "Christopher Lipa";
			};
			buildConfigurationList = 36C3D95215C74062003CCD2A /* Build configuration list for PBXProject "PGBotNativeEngine" */;
			compatibilityVersion = "Xcode 3.2";
			developmentRegion = English;
			hasScannedForEncodings = 0;
			knownRegions = (
				en,
			);
			mainGroup = 36C3D94D15C74062003CCD2A;
			productRefGroup = 36C3D95915C74062003CCD2A /* Products */;
			projectDirPath = "";
			projectReferences = (
				{
					ProductGroup = 36C3D9AD15C77F58003CCD2A /* Products */;
					ProjectRef = 36C3D9AC15C77F58003CCD2A /* SBJson.xcodeproj */;
				},
			);
			projectRoot = "";
			targets = (
				36FE1B0815CCE787003310F0 /* NativeEngine */,
			);
		};
/* End PBXProject section */

/* Begin PBXReferenceProxy section */
		36C3D9B715C77F59003CCD2A /* SBJson.framework */ = {
			isa = PBXReferenceProxy;
			fileType = wrapper.framework;
			path = SBJson.framework;
			remoteRef = 36C3D9B615C77F59003CCD2A /* PBXContainerItemProxy */;
			sourceTree = BUILT_PRODUCTS_DIR;
		};
		36C3D9B915C77F59003CCD2A /* SBJsonTests.octest */ = {
			isa = PBXReferenceProxy;
			fileType = wrapper.cfbundle;
			path = SBJsonTests.octest;
			remoteRef = 36C3D9B815C77F59003CCD2A /* PBXContainerItemProxy */;
			sourceTree = BUILT_PRODUCTS_DIR;
		};
		36C3D9BB15C77F59003CCD2A /* libsbjson-ios.a */ = {
			isa = PBXReferenceProxy;
			fileType = archive.ar;
			path = "libsbjson-ios.a";
			remoteRef = 36C3D9BA15C77F59003CCD2A /* PBXContainerItemProxy */;
			sourceTree = BUILT_PRODUCTS_DIR;
		};
		36C3D9BD15C77F59003CCD2A /* sbjson-iosTests.octest */ = {
			isa = PBXReferenceProxy;
			fileType = wrapper.cfbundle;
			path = "sbjson-iosTests.octest";
			remoteRef = 36C3D9BC15C77F59003CCD2A /* PBXContainerItemProxy */;
			sourceTree = BUILT_PRODUCTS_DIR;
		};
/* End PBXReferenceProxy section */

/* Begin PBXResourcesBuildPhase section */
		36FE1B0715CCE787003310F0 /* Resources */ = {
			isa = PBXResourcesBuildPhase;
			buildActionMask = 2147483647;
			files = (
				36FE1B4115CCE7E9003310F0 /* DefaultVariables.txt in Resources */,
				36FE1B4215CCE7E9003310F0 /* Constants.txt in Resources */,
				36FE1B4315CCE7E9003310F0 /* Opcodes.txt in Resources */,
				36FE1B4415CCE7E9003310F0 /* SystemCalls.txt in Resources */,
				36FE1B4515CCE7E9003310F0 /* Devices.txt in Resources */,
				36FE1B1115CCE787003310F0 /* InfoPlist.strings in Resources */,
			);
			runOnlyForDeploymentPostprocessing = 0;
		};
/* End PBXResourcesBuildPhase section */

/* Begin PBXSourcesBuildPhase section */
		36FE1B0515CCE787003310F0 /* Sources */ = {
			isa = PBXSourcesBuildPhase;
			buildActionMask = 2147483647;
			files = (
				3610461615CE22D50064F381 /* CompileError.m in Sources */,
				36FE1B1A15CCE7C1003310F0 /* EngineUtility.m in Sources */,
				36FE1B1B15CCE7C1003310F0 /* Random.m in Sources */,
				36FE1B1C15CCE7C1003310F0 /* EngineDefinitions.c in Sources */,
				36FE1B1D15CCE7C1003310F0 /* Opcode.m in Sources */,
				36FE1B1E15CCE7C1003310F0 /* Mine.m in Sources */,
				36FE1B1F15CCE7C1003310F0 /* Mine+Interface.m in Sources */,
				36FE1B2015CCE7C1003310F0 /* Missile+Interface.m in Sources */,
				36FE1B2115CCE7C1003310F0 /* Missile.m in Sources */,
				36FE1B2215CCE7C1003310F0 /* GemBot.m in Sources */,
				36FE1B2315CCE7C1003310F0 /* GemBot+Runtime.m in Sources */,
				36FE1B2415CCE7C1003310F0 /* GemBot+Memory.m in Sources */,
				36FE1B2515CCE7C1003310F0 /* GemBot+Operations.m in Sources */,
				36FE1B2615CCE7C1003310F0 /* GemBot+Interface.m in Sources */,
				36FE1B2715CCE7C1003310F0 /* GemBot+SystemCalls.m in Sources */,
				36FE1B2815CCE7C1003310F0 /* GemBot+Communication.m in Sources */,
				36FE1B2915CCE7C1003310F0 /* GemBot+Devices.m in Sources */,
				36FE1B2A15CCE7C1003310F0 /* GemBot+Stats.m in Sources */,
				36FE1B2B15CCE7C1003310F0 /* GemBot+Reset.m in Sources */,
				36FE1B2C15CCE7C1003310F0 /* GemBot+Movement.m in Sources */,
				36FE1B2D15CCE7C1003310F0 /* GemBot+Compiler.m in Sources */,
				36FE1B2E15CCE7C1003310F0 /* GemBot+SourceCodeCompiler.m in Sources */,
				36FE1B2F15CCE7C1003310F0 /* GemBot+BinaryCompiler.m in Sources */,
				36FE1B3015CCE7C1003310F0 /* Scan.m in Sources */,
				36FE1B3115CCE7C1003310F0 /* Explosion.m in Sources */,
				36FE1B3215CCE7C1003310F0 /* PGBotNativeEngine+Runtime.m in Sources */,
				36FE1B3315CCE7C1003310F0 /* PGBotNativeEngine+Interface.m in Sources */,
				36FE1B3415CCE7C1003310F0 /* PGBotNativeEngine+DealDamage.m in Sources */,
				36FE1B3515CCE7C1003310F0 /* PGBotNativeEngine+RobotCPUPhase.m in Sources */,
				36FE1B3615CCE7C1003310F0 /* PGBotNativeEngine+CollisionPhase.m in Sources */,
				36FE1B3715CCE7C1003310F0 /* PGBotNativeEngine+Movement.m in Sources */,
				36FE1B3815CCE7C1003310F0 /* PGBotNativeEngine+CommPhase.m in Sources */,
				36FE1B3A15CCE7C1003310F0 /* PGBotNativeEngine+CleanPhase.m in Sources */,
				36FE1B3B15CCE7C1003310F0 /* PGBotNativeEngine+RobotDeath.m in Sources */,
				36FE1B3C15CCE7C1003310F0 /* PGBotNativeEngine+CheckForEndOfMatch.m in Sources */,
				36FE1B3D15CCE7C1003310F0 /* PGBotNativeEngine.m in Sources */,
				36CEB07C15CEE0F700275B4A /* PGBotNativeEngine+GameManagement.m in Sources */,
				36CEB08015CEFC4100275B4A /* PGBotNativeEngine+Explosions.m in Sources */,
				36CEB08715CF08D800275B4A /* Wall.m in Sources */,
				36CEB08B15CF09DB00275B4A /* GemBot+Collision.m in Sources */,
			);
			runOnlyForDeploymentPostprocessing = 0;
		};
/* End PBXSourcesBuildPhase section */

/* Begin PBXTargetDependency section */
		36FE1B3F15CCE7CB003310F0 /* PBXTargetDependency */ = {
			isa = PBXTargetDependency;
			name = SBJson;
			targetProxy = 36FE1B3E15CCE7CB003310F0 /* PBXContainerItemProxy */;
		};
/* End PBXTargetDependency section */

/* Begin PBXVariantGroup section */
		36FE1B0F15CCE787003310F0 /* InfoPlist.strings */ = {
			isa = PBXVariantGroup;
			children = (
				36FE1B1015CCE787003310F0 /* en */,
			);
			name = InfoPlist.strings;
			sourceTree = "<group>";
		};
/* End PBXVariantGroup section */

/* Begin XCBuildConfiguration section */
		36C3D96715C74062003CCD2A /* Debug */ = {
			isa = XCBuildConfiguration;
			buildSettings = {
				ALWAYS_SEARCH_USER_PATHS = NO;
				ARCHS = "$(ARCHS_STANDARD_64_BIT)";
				CLANG_CXX_LANGUAGE_STANDARD = "gnu++0x";
				CLANG_ENABLE_OBJC_ARC = YES;
				CLANG_WARN__DUPLICATE_METHOD_MATCH = YES;
				COPY_PHASE_STRIP = NO;
				GCC_C_LANGUAGE_STANDARD = gnu99;
				GCC_DYNAMIC_NO_PIC = NO;
				GCC_ENABLE_OBJC_EXCEPTIONS = YES;
				GCC_OPTIMIZATION_LEVEL = 0;
				GCC_PREPROCESSOR_DEFINITIONS = (
					"DEBUG=1",
					"$(inherited)",
				);
				GCC_SYMBOLS_PRIVATE_EXTERN = NO;
				GCC_WARN_64_TO_32_BIT_CONVERSION = YES;
				GCC_WARN_ABOUT_RETURN_TYPE = YES;
				GCC_WARN_UNINITIALIZED_AUTOS = YES;
				GCC_WARN_UNUSED_VARIABLE = YES;
				HEADER_SEARCH_PATHS = ../include/;
				MACOSX_DEPLOYMENT_TARGET = 10.8;
				ONLY_ACTIVE_ARCH = YES;
				SDKROOT = macosx;
				VALID_ARCHS = x86_64;
			};
			name = Debug;
		};
		36C3D96815C74062003CCD2A /* Release */ = {
			isa = XCBuildConfiguration;
			buildSettings = {
				ALWAYS_SEARCH_USER_PATHS = NO;
				ARCHS = "$(ARCHS_STANDARD_64_BIT)";
				CLANG_CXX_LANGUAGE_STANDARD = "gnu++0x";
				CLANG_ENABLE_OBJC_ARC = YES;
				CLANG_WARN__DUPLICATE_METHOD_MATCH = YES;
				COPY_PHASE_STRIP = YES;
				DEBUG_INFORMATION_FORMAT = "dwarf-with-dsym";
				GCC_C_LANGUAGE_STANDARD = gnu99;
				GCC_ENABLE_OBJC_EXCEPTIONS = YES;
				GCC_WARN_64_TO_32_BIT_CONVERSION = YES;
				GCC_WARN_ABOUT_RETURN_TYPE = YES;
				GCC_WARN_UNINITIALIZED_AUTOS = YES;
				GCC_WARN_UNUSED_VARIABLE = YES;
				HEADER_SEARCH_PATHS = ../include/;
				MACOSX_DEPLOYMENT_TARGET = 10.8;
				ONLY_ACTIVE_ARCH = YES;
				SDKROOT = macosx;
				VALID_ARCHS = x86_64;
			};
			name = Release;
		};
		36FE1B1715CCE787003310F0 /* Debug */ = {
			isa = XCBuildConfiguration;
			buildSettings = {
				COMBINE_HIDPI_IMAGES = YES;
				GCC_PRECOMPILE_PREFIX_HEADER = YES;
				GCC_PREFIX_HEADER = "NativeEngine/NativeEngine-Prefix.pch";
				INFOPLIST_FILE = "NativeEngine/NativeEngine-Info.plist";
				INSTALL_PATH = "$(LOCAL_LIBRARY_DIR)/Bundles";
				PRODUCT_NAME = "$(TARGET_NAME)";
				WRAPPER_EXTENSION = bundle;
			};
			name = Debug;
		};
		36FE1B1815CCE787003310F0 /* Release */ = {
			isa = XCBuildConfiguration;
			buildSettings = {
				COMBINE_HIDPI_IMAGES = YES;
				GCC_PRECOMPILE_PREFIX_HEADER = YES;
				GCC_PREFIX_HEADER = "NativeEngine/NativeEngine-Prefix.pch";
				INFOPLIST_FILE = "NativeEngine/NativeEngine-Info.plist";
				INSTALL_PATH = "$(LOCAL_LIBRARY_DIR)/Bundles";
				PRODUCT_NAME = "$(TARGET_NAME)";
				WRAPPER_EXTENSION = bundle;
			};
			name = Release;
		};
/* End XCBuildConfiguration section */

/* Begin XCConfigurationList section */
		36C3D95215C74062003CCD2A /* Build configuration list for PBXProject "PGBotNativeEngine" */ = {
			isa = XCConfigurationList;
			buildConfigurations = (
				36C3D96715C74062003CCD2A /* Debug */,
				36C3D96815C74062003CCD2A /* Release */,
			);
			defaultConfigurationIsVisible = 0;
			defaultConfigurationName = Release;
		};
		36FE1B1615CCE787003310F0 /* Build configuration list for PBXNativeTarget "NativeEngine" */ = {
			isa = XCConfigurationList;
			buildConfigurations = (
				36FE1B1715CCE787003310F0 /* Debug */,
				36FE1B1815CCE787003310F0 /* Release */,
			);
			defaultConfigurationIsVisible = 0;
			defaultConfigurationName = Release;
		};
/* End XCConfigurationList section */
	};
	rootObject = 36C3D94F15C74062003CCD2A /* Project object */;
}
